
Microsoft Visual Studio Solution File, Format Version 12.00
# Visual Studio 2012
Project("{FAE04EC0-301F-11D3-BF4B-00C04F79EFBC}") = "FSE_Subscription_App", "FSE_Subscription_App\FSE_Subscription_App.csproj", "{27BC851A-E910-47CB-BD8C-BD647B699E60}"
EndProject
Project("{FAE04EC0-301F-11D3-BF4B-00C04F79EFBC}") = "FSE_Subscription_App.Tests", "FSE_Subscription_App.Tests\FSE_Subscription_App.Tests.csproj", "{5D0DD096-53E6-4294-BAA5-0B6E4E6E7A88}"
EndProject
Global
	GlobalSection(SolutionConfigurationPlatforms) = preSolution
		Debug|Any CPU = Debug|Any CPU
		Release|Any CPU = Release|Any CPU
	EndGlobalSection
	GlobalSection(ProjectConfigurationPlatforms) = postSolution
		{27BC851A-E910-47CB-BD8C-BD647B699E60}.Debug|Any CPU.ActiveCfg = Debug|Any CPU
		{27BC851A-E910-47CB-BD8C-BD647B699E60}.Debug|Any CPU.Build.0 = Debug|Any CPU
		{27BC851A-E910-47CB-BD8C-BD647B699E60}.Release|Any CPU.ActiveCfg = Release|Any CPU
		{27BC851A-E910-47CB-BD8C-BD647B699E60}.Release|Any CPU.Build.0 = Release|Any CPU
		{5D0DD096-53E6-4294-BAA5-0B6E4E6E7A88}.Debug|Any CPU.ActiveCfg = Debug|Any CPU
		{5D0DD096-53E6-4294-BAA5-0B6E4E6E7A88}.Debug|Any CPU.Build.0 = Debug|Any CPU
		{5D0DD096-53E6-4294-BAA5-0B6E4E6E7A88}.Release|Any CPU.ActiveCfg = Release|Any CPU
		{5D0DD096-53E6-4294-BAA5-0B6E4E6E7A88}.Release|Any CPU.Build.0 = Release|Any CPU
	EndGlobalSection
	GlobalSection(SolutionProperties) = preSolution
		HideSolutionNode = FALSE
	EndGlobalSection
EndGlobal
